
Microsoft Visual Studio Solution File, Format Version 12.00
# Visual Studio Version 17
VisualStudioVersion = 17.1.32228.430
MinimumVisualStudioVersion = 10.0.40219.1
Project("{FAE04EC0-301F-11D3-BF4B-00C04F79EFBC}") = "Vista", "Vista\Vista.csproj", "{B751833C-8DD8-421F-BFF1-0D223436A714}"
EndProject
Project("{FAE04EC0-301F-11D3-BF4B-00C04F79EFBC}") = "LogicaNegocio", "LogicaNegocio\LogicaNegocio.csproj", "{D3DF6071-3C10-4DEE-AEDF-6F0C7C2AA998}"
EndProject
Global
	GlobalSection(SolutionConfigurationPlatforms) = preSolution
		Debug|Any CPU = Debug|Any CPU
		Release|Any CPU = Release|Any CPU
	EndGlobalSection
	GlobalSection(ProjectConfigurationPlatforms) = postSolution
		{B751833C-8DD8-421F-BFF1-0D223436A714}.Debug|Any CPU.ActiveCfg = Debug|Any CPU
		{B751833C-8DD8-421F-BFF1-0D223436A714}.Debug|Any CPU.Build.0 = Debug|Any CPU
		{B751833C-8DD8-421F-BFF1-0D223436A714}.Release|Any CPU.ActiveCfg = Release|Any CPU
		{B751833C-8DD8-421F-BFF1-0D223436A714}.Release|Any CPU.Build.0 = Release|Any CPU
		{D3DF6071-3C10-4DEE-AEDF-6F0C7C2AA998}.Debug|Any CPU.ActiveCfg = Debug|Any CPU
		{D3DF6071-3C10-4DEE-AEDF-6F0C7C2AA998}.Debug|Any CPU.Build.0 = Debug|Any CPU
		{D3DF6071-3C10-4DEE-AEDF-6F0C7C2AA998}.Release|Any CPU.ActiveCfg = Release|Any CPU
		{D3DF6071-3C10-4DEE-AEDF-6F0C7C2AA998}.Release|Any CPU.Build.0 = Release|Any CPU
	EndGlobalSection
	GlobalSection(SolutionProperties) = preSolution
		HideSolutionNode = FALSE
	EndGlobalSection
	GlobalSection(ExtensibilityGlobals) = postSolution
		SolutionGuid = {BC8EA374-6036-4F28-9B53-04EF9C567F07}
	EndGlobalSection
EndGlobal
