
Microsoft Visual Studio Solution File, Format Version 12.00
# Visual Studio Version 17
VisualStudioVersion = 17.1.32228.430
MinimumVisualStudioVersion = 10.0.40219.1
Project("{9A19103F-16F7-4668-BE54-9A1E7A4F7556}") = "Vista", "Vista\Vista.csproj", "{F2AFFABE-D87D-4F28-9CAD-D87F41EF8FB7}"
EndProject
Project("{FAE04EC0-301F-11D3-BF4B-00C04F79EFBC}") = "LogicaNegocio", "LogicaNegocio\LogicaNegocio.csproj", "{EFE9D5B5-7F6A-410F-9B36-D7AB7C989E7B}"
EndProject
Global
	GlobalSection(SolutionConfigurationPlatforms) = preSolution
		Debug|Any CPU = Debug|Any CPU
		Release|Any CPU = Release|Any CPU
	EndGlobalSection
	GlobalSection(ProjectConfigurationPlatforms) = postSolution
		{F2AFFABE-D87D-4F28-9CAD-D87F41EF8FB7}.Debug|Any CPU.ActiveCfg = Debug|Any CPU
		{F2AFFABE-D87D-4F28-9CAD-D87F41EF8FB7}.Debug|Any CPU.Build.0 = Debug|Any CPU
		{F2AFFABE-D87D-4F28-9CAD-D87F41EF8FB7}.Release|Any CPU.ActiveCfg = Release|Any CPU
		{F2AFFABE-D87D-4F28-9CAD-D87F41EF8FB7}.Release|Any CPU.Build.0 = Release|Any CPU
		{EFE9D5B5-7F6A-410F-9B36-D7AB7C989E7B}.Debug|Any CPU.ActiveCfg = Debug|Any CPU
		{EFE9D5B5-7F6A-410F-9B36-D7AB7C989E7B}.Debug|Any CPU.Build.0 = Debug|Any CPU
		{EFE9D5B5-7F6A-410F-9B36-D7AB7C989E7B}.Release|Any CPU.ActiveCfg = Release|Any CPU
		{EFE9D5B5-7F6A-410F-9B36-D7AB7C989E7B}.Release|Any CPU.Build.0 = Release|Any CPU
	EndGlobalSection
	GlobalSection(SolutionProperties) = preSolution
		HideSolutionNode = FALSE
	EndGlobalSection
	GlobalSection(ExtensibilityGlobals) = postSolution
		SolutionGuid = {9395AC6D-9D60-4DB4-94A5-CE7AE040FCEB}
	EndGlobalSection
EndGlobal
