
Microsoft Visual Studio Solution File, Format Version 12.00
# Visual Studio Version 17
VisualStudioVersion = 17.1.32228.430
MinimumVisualStudioVersion = 10.0.40219.1
Project("{FAE04EC0-301F-11D3-BF4B-00C04F79EFBC}") = "Vista", "Vista\Vista.csproj", "{7C3FE535-4FF9-4880-A210-B74B91C179E3}"
EndProject
Project("{FAE04EC0-301F-11D3-BF4B-00C04F79EFBC}") = "LogicaNegocio", "LogicaNegocio\LogicaNegocio.csproj", "{7B8DC9CB-7A99-4CF7-BECF-99456E7EDBAF}"
EndProject
Global
	GlobalSection(SolutionConfigurationPlatforms) = preSolution
		Debug|Any CPU = Debug|Any CPU
		Release|Any CPU = Release|Any CPU
	EndGlobalSection
	GlobalSection(ProjectConfigurationPlatforms) = postSolution
		{7C3FE535-4FF9-4880-A210-B74B91C179E3}.Debug|Any CPU.ActiveCfg = Debug|Any CPU
		{7C3FE535-4FF9-4880-A210-B74B91C179E3}.Debug|Any CPU.Build.0 = Debug|Any CPU
		{7C3FE535-4FF9-4880-A210-B74B91C179E3}.Release|Any CPU.ActiveCfg = Release|Any CPU
		{7C3FE535-4FF9-4880-A210-B74B91C179E3}.Release|Any CPU.Build.0 = Release|Any CPU
		{7B8DC9CB-7A99-4CF7-BECF-99456E7EDBAF}.Debug|Any CPU.ActiveCfg = Debug|Any CPU
		{7B8DC9CB-7A99-4CF7-BECF-99456E7EDBAF}.Debug|Any CPU.Build.0 = Debug|Any CPU
		{7B8DC9CB-7A99-4CF7-BECF-99456E7EDBAF}.Release|Any CPU.ActiveCfg = Release|Any CPU
		{7B8DC9CB-7A99-4CF7-BECF-99456E7EDBAF}.Release|Any CPU.Build.0 = Release|Any CPU
	EndGlobalSection
	GlobalSection(SolutionProperties) = preSolution
		HideSolutionNode = FALSE
	EndGlobalSection
	GlobalSection(ExtensibilityGlobals) = postSolution
		SolutionGuid = {A976FA5F-0697-46E9-B41C-1D2E860AA3B6}
	EndGlobalSection
EndGlobal
