
Microsoft Visual Studio Solution File, Format Version 12.00
# Visual Studio Version 17
VisualStudioVersion = 17.1.32228.430
MinimumVisualStudioVersion = 10.0.40219.1
Project("{FAE04EC0-301F-11D3-BF4B-00C04F79EFBC}") = "Vista", "Vista\Vista.csproj", "{53CA78FE-C444-4B87-9B5F-B90A0D36FAD9}"
EndProject
Global
	GlobalSection(SolutionConfigurationPlatforms) = preSolution
		Debug|Any CPU = Debug|Any CPU
		Release|Any CPU = Release|Any CPU
	EndGlobalSection
	GlobalSection(ProjectConfigurationPlatforms) = postSolution
		{53CA78FE-C444-4B87-9B5F-B90A0D36FAD9}.Debug|Any CPU.ActiveCfg = Debug|Any CPU
		{53CA78FE-C444-4B87-9B5F-B90A0D36FAD9}.Debug|Any CPU.Build.0 = Debug|Any CPU
		{53CA78FE-C444-4B87-9B5F-B90A0D36FAD9}.Release|Any CPU.ActiveCfg = Release|Any CPU
		{53CA78FE-C444-4B87-9B5F-B90A0D36FAD9}.Release|Any CPU.Build.0 = Release|Any CPU
	EndGlobalSection
	GlobalSection(SolutionProperties) = preSolution
		HideSolutionNode = FALSE
	EndGlobalSection
	GlobalSection(ExtensibilityGlobals) = postSolution
		SolutionGuid = {1FC70DDA-FFDF-45A2-A124-A60EF9D7BD5E}
	EndGlobalSection
EndGlobal
