
Microsoft Visual Studio Solution File, Format Version 12.00
# Visual Studio Version 17
VisualStudioVersion = 17.1.32228.430
MinimumVisualStudioVersion = 10.0.40219.1
Project("{FAE04EC0-301F-11D3-BF4B-00C04F79EFBC}") = "Ej1", "Ej1\Ej1.csproj", "{AE7B29D0-3780-446E-BFF3-E49731B5F586}"
EndProject
Global
	GlobalSection(SolutionConfigurationPlatforms) = preSolution
		Debug|Any CPU = Debug|Any CPU
		Release|Any CPU = Release|Any CPU
	EndGlobalSection
	GlobalSection(ProjectConfigurationPlatforms) = postSolution
		{AE7B29D0-3780-446E-BFF3-E49731B5F586}.Debug|Any CPU.ActiveCfg = Debug|Any CPU
		{AE7B29D0-3780-446E-BFF3-E49731B5F586}.Debug|Any CPU.Build.0 = Debug|Any CPU
		{AE7B29D0-3780-446E-BFF3-E49731B5F586}.Release|Any CPU.ActiveCfg = Release|Any CPU
		{AE7B29D0-3780-446E-BFF3-E49731B5F586}.Release|Any CPU.Build.0 = Release|Any CPU
	EndGlobalSection
	GlobalSection(SolutionProperties) = preSolution
		HideSolutionNode = FALSE
	EndGlobalSection
	GlobalSection(ExtensibilityGlobals) = postSolution
		SolutionGuid = {3E0DB299-17D7-4FB1-8529-35AA6153A4A6}
	EndGlobalSection
EndGlobal
