
Microsoft Visual Studio Solution File, Format Version 12.00
# Visual Studio Version 17
VisualStudioVersion = 17.1.32228.430
MinimumVisualStudioVersion = 10.0.40219.1
Project("{FAE04EC0-301F-11D3-BF4B-00C04F79EFBC}") = "Vista", "Vista\Vista.csproj", "{FEE77B9A-DEAE-4A50-B354-CB8EB22E7CD5}"
EndProject
Project("{FAE04EC0-301F-11D3-BF4B-00C04F79EFBC}") = "LogicaNegocio", "LogicaNegocio\LogicaNegocio.csproj", "{9980CB54-1F01-4462-9790-1FDF582E828D}"
EndProject
Global
	GlobalSection(SolutionConfigurationPlatforms) = preSolution
		Debug|Any CPU = Debug|Any CPU
		Release|Any CPU = Release|Any CPU
	EndGlobalSection
	GlobalSection(ProjectConfigurationPlatforms) = postSolution
		{FEE77B9A-DEAE-4A50-B354-CB8EB22E7CD5}.Debug|Any CPU.ActiveCfg = Debug|Any CPU
		{FEE77B9A-DEAE-4A50-B354-CB8EB22E7CD5}.Debug|Any CPU.Build.0 = Debug|Any CPU
		{FEE77B9A-DEAE-4A50-B354-CB8EB22E7CD5}.Release|Any CPU.ActiveCfg = Release|Any CPU
		{FEE77B9A-DEAE-4A50-B354-CB8EB22E7CD5}.Release|Any CPU.Build.0 = Release|Any CPU
		{9980CB54-1F01-4462-9790-1FDF582E828D}.Debug|Any CPU.ActiveCfg = Debug|Any CPU
		{9980CB54-1F01-4462-9790-1FDF582E828D}.Debug|Any CPU.Build.0 = Debug|Any CPU
		{9980CB54-1F01-4462-9790-1FDF582E828D}.Release|Any CPU.ActiveCfg = Release|Any CPU
		{9980CB54-1F01-4462-9790-1FDF582E828D}.Release|Any CPU.Build.0 = Release|Any CPU
	EndGlobalSection
	GlobalSection(SolutionProperties) = preSolution
		HideSolutionNode = FALSE
	EndGlobalSection
	GlobalSection(ExtensibilityGlobals) = postSolution
		SolutionGuid = {BAABBCA7-F450-423C-A65F-3F087536609E}
	EndGlobalSection
EndGlobal
