
Microsoft Visual Studio Solution File, Format Version 12.00
# Visual Studio Version 17
VisualStudioVersion = 17.1.32228.430
MinimumVisualStudioVersion = 10.0.40219.1
Project("{FAE04EC0-301F-11D3-BF4B-00C04F79EFBC}") = "Vista", "Vista\Vista.csproj", "{41D31A02-FB75-4E66-945F-8843880EE834}"
EndProject
Project("{FAE04EC0-301F-11D3-BF4B-00C04F79EFBC}") = "LogicaNegocio", "LogicaNegocio\LogicaNegocio.csproj", "{B3A279C5-E96B-452C-B36B-F5A0C882E610}"
EndProject
Global
	GlobalSection(SolutionConfigurationPlatforms) = preSolution
		Debug|Any CPU = Debug|Any CPU
		Release|Any CPU = Release|Any CPU
	EndGlobalSection
	GlobalSection(ProjectConfigurationPlatforms) = postSolution
		{41D31A02-FB75-4E66-945F-8843880EE834}.Debug|Any CPU.ActiveCfg = Debug|Any CPU
		{41D31A02-FB75-4E66-945F-8843880EE834}.Debug|Any CPU.Build.0 = Debug|Any CPU
		{41D31A02-FB75-4E66-945F-8843880EE834}.Release|Any CPU.ActiveCfg = Release|Any CPU
		{41D31A02-FB75-4E66-945F-8843880EE834}.Release|Any CPU.Build.0 = Release|Any CPU
		{B3A279C5-E96B-452C-B36B-F5A0C882E610}.Debug|Any CPU.ActiveCfg = Debug|Any CPU
		{B3A279C5-E96B-452C-B36B-F5A0C882E610}.Debug|Any CPU.Build.0 = Debug|Any CPU
		{B3A279C5-E96B-452C-B36B-F5A0C882E610}.Release|Any CPU.ActiveCfg = Release|Any CPU
		{B3A279C5-E96B-452C-B36B-F5A0C882E610}.Release|Any CPU.Build.0 = Release|Any CPU
	EndGlobalSection
	GlobalSection(SolutionProperties) = preSolution
		HideSolutionNode = FALSE
	EndGlobalSection
	GlobalSection(ExtensibilityGlobals) = postSolution
		SolutionGuid = {895ECA75-287F-4075-96AE-67BBFC4CF88D}
	EndGlobalSection
EndGlobal
